
Microsoft Visual Studio Solution File, Format Version 12.00
# Visual Studio Version 17
VisualStudioVersion = 17.3.32728.150
MinimumVisualStudioVersion = 10.0.40219.1
Project("{9A19103F-16F7-4668-BE54-9A1E7A4F7556}") = "jotting-jwts", "jotting-jwts\jotting-jwts.csproj", "{5C4905FB-DD6E-4FB6-9B8C-F0A02E527150}"
EndProject
Project("{2150E333-8FDC-42A3-9474-1A3956D46DE8}") = "SolutionItems", "SolutionItems", "{75E9BF2B-F2B4-483C-9A46-868E50C8B5F8}"
	ProjectSection(SolutionItems) = preProject
		.gitignore = .gitignore
		global.json = global.json
		LICENSE = LICENSE
		README.md = README.md
	EndProjectSection
EndProject
Project("{FAE04EC0-301F-11D3-BF4B-00C04F79EFBC}") = "websocket-chit-chat", "websocket-chit-chat\websocket-chit-chat.csproj", "{6BD63026-E204-4D35-9BB8-A6090C4F162E}"
EndProject
Global
	GlobalSection(SolutionConfigurationPlatforms) = preSolution
		Debug|Any CPU = Debug|Any CPU
		Release|Any CPU = Release|Any CPU
	EndGlobalSection
	GlobalSection(ProjectConfigurationPlatforms) = postSolution
		{5C4905FB-DD6E-4FB6-9B8C-F0A02E527150}.Debug|Any CPU.ActiveCfg = Debug|Any CPU
		{5C4905FB-DD6E-4FB6-9B8C-F0A02E527150}.Debug|Any CPU.Build.0 = Debug|Any CPU
		{5C4905FB-DD6E-4FB6-9B8C-F0A02E527150}.Release|Any CPU.ActiveCfg = Release|Any CPU
		{5C4905FB-DD6E-4FB6-9B8C-F0A02E527150}.Release|Any CPU.Build.0 = Release|Any CPU
		{6BD63026-E204-4D35-9BB8-A6090C4F162E}.Debug|Any CPU.ActiveCfg = Debug|Any CPU
		{6BD63026-E204-4D35-9BB8-A6090C4F162E}.Debug|Any CPU.Build.0 = Debug|Any CPU
		{6BD63026-E204-4D35-9BB8-A6090C4F162E}.Release|Any CPU.ActiveCfg = Release|Any CPU
		{6BD63026-E204-4D35-9BB8-A6090C4F162E}.Release|Any CPU.Build.0 = Release|Any CPU
	EndGlobalSection
	GlobalSection(SolutionProperties) = preSolution
		HideSolutionNode = FALSE
	EndGlobalSection
	GlobalSection(ExtensibilityGlobals) = postSolution
		SolutionGuid = {D6FF6BB6-6448-4C0D-A909-68ADC1AC8D97}
	EndGlobalSection
EndGlobal
